
Microsoft Visual Studio Solution File, Format Version 12.00
# Visual Studio Version 16
VisualStudioVersion = 16.0.29728.190
MinimumVisualStudioVersion = 10.0.40219.1
Project("{FAE04EC0-301F-11D3-BF4B-00C04F79EFBC}") = "WebApplication_Forms1", "WebApplication_Forms1\WebApplication_Forms1.csproj", "{01900495-66ED-45EC-AC84-10B73520F3E1}"
EndProject
Project("{FAE04EC0-301F-11D3-BF4B-00C04F79EFBC}") = "WebApplication_Forms1.Tests", "WebApplication_Forms1.Tests\WebApplication_Forms1.Tests.csproj", "{EC6FDCA4-EBA7-463A-80AC-919230223A3B}"
EndProject
Global
	GlobalSection(SolutionConfigurationPlatforms) = preSolution
		Debug|Any CPU = Debug|Any CPU
		Release|Any CPU = Release|Any CPU
	EndGlobalSection
	GlobalSection(ProjectConfigurationPlatforms) = postSolution
		{01900495-66ED-45EC-AC84-10B73520F3E1}.Debug|Any CPU.ActiveCfg = Debug|Any CPU
		{01900495-66ED-45EC-AC84-10B73520F3E1}.Debug|Any CPU.Build.0 = Debug|Any CPU
		{01900495-66ED-45EC-AC84-10B73520F3E1}.Release|Any CPU.ActiveCfg = Release|Any CPU
		{01900495-66ED-45EC-AC84-10B73520F3E1}.Release|Any CPU.Build.0 = Release|Any CPU
		{EC6FDCA4-EBA7-463A-80AC-919230223A3B}.Debug|Any CPU.ActiveCfg = Debug|Any CPU
		{EC6FDCA4-EBA7-463A-80AC-919230223A3B}.Debug|Any CPU.Build.0 = Debug|Any CPU
		{EC6FDCA4-EBA7-463A-80AC-919230223A3B}.Release|Any CPU.ActiveCfg = Release|Any CPU
		{EC6FDCA4-EBA7-463A-80AC-919230223A3B}.Release|Any CPU.Build.0 = Release|Any CPU
	EndGlobalSection
	GlobalSection(SolutionProperties) = preSolution
		HideSolutionNode = FALSE
	EndGlobalSection
	GlobalSection(ExtensibilityGlobals) = postSolution
		SolutionGuid = {42391187-7133-4CBD-86CB-343BD1D878FE}
	EndGlobalSection
EndGlobal
